// !$*UTF8*$!
{
	archiveVersion = 1;
	classes = {
	};
	objectVersion = 50;
	objects = {

/* Begin PBXBuildFile section */
		0102563A22B880E100F759E7 /* CollectItemController.swift in Sources */ = {isa = PBXBuildFile; fileRef = 0102563922B880E100F759E7 /* CollectItemController.swift */; };
		01433B4222A0CF8D00008395 /* HomeViewController.swift in Sources */ = {isa = PBXBuildFile; fileRef = 01433B4122A0CF8D00008395 /* HomeViewController.swift */; };
		01433B4622A0FA7100008395 /* Bundle+Extension.swift in Sources */ = {isa = PBXBuildFile; fileRef = 01433B4522A0FA7100008395 /* Bundle+Extension.swift */; };
		01433B4822A10B0000008395 /* UIImage+Extension.swift in Sources */ = {isa = PBXBuildFile; fileRef = 01433B4722A10B0000008395 /* UIImage+Extension.swift */; };
		01433B4A22A1125F00008395 /* UIBarButtonItem+Extension.swift in Sources */ = {isa = PBXBuildFile; fileRef = 01433B4922A1125F00008395 /* UIBarButtonItem+Extension.swift */; };
		01433B4C22A1181B00008395 /* UIColor+Extension.swift in Sources */ = {isa = PBXBuildFile; fileRef = 01433B4B22A1181B00008395 /* UIColor+Extension.swift */; };
		01433B4E22A120D600008395 /* Common.swift in Sources */ = {isa = PBXBuildFile; fileRef = 01433B4D22A120D500008395 /* Common.swift */; };
		01433B5022A1253100008395 /* UIView+Extension.swift in Sources */ = {isa = PBXBuildFile; fileRef = 01433B4F22A1253100008395 /* UIView+Extension.swift */; };
		0149696622A0C49C00D77971 /* AppDelegate.swift in Sources */ = {isa = PBXBuildFile; fileRef = 0149696522A0C49C00D77971 /* AppDelegate.swift */; };
		0149696822A0C6E200D77971 /* LWTabBarController.swift in Sources */ = {isa = PBXBuildFile; fileRef = 0149696722A0C6E200D77971 /* LWTabBarController.swift */; };
		0149696A22A0C71100D77971 /* LWNavigationController.swift in Sources */ = {isa = PBXBuildFile; fileRef = 0149696922A0C71100D77971 /* LWNavigationController.swift */; };
		0149697022A0C94300D77971 /* Assets.xcassets in Resources */ = {isa = PBXBuildFile; fileRef = 0149696C22A0C94300D77971 /* Assets.xcassets */; };
		0149697122A0C94300D77971 /* LaunchScreen.storyboard in Resources */ = {isa = PBXBuildFile; fileRef = 0149696D22A0C94300D77971 /* LaunchScreen.storyboard */; };
		015571A822C5AEC900EDBE6D /* LWPageCollectionViewLayout.swift in Sources */ = {isa = PBXBuildFile; fileRef = 015571A722C5AEC900EDBE6D /* LWPageCollectionViewLayout.swift */; };
		015571AA22C5AF2100EDBE6D /* LWPageCollectionView.swift in Sources */ = {isa = PBXBuildFile; fileRef = 015571A922C5AF2100EDBE6D /* LWPageCollectionView.swift */; };
		015E02B722A5150600FCB57D /* LWPageView.swift in Sources */ = {isa = PBXBuildFile; fileRef = 015E02B622A5150600FCB57D /* LWPageView.swift */; };
		015E02B922A5167200FCB57D /* LWPageStyle.swift in Sources */ = {isa = PBXBuildFile; fileRef = 015E02B822A5167200FCB57D /* LWPageStyle.swift */; };
		015E02BB22A5168800FCB57D /* LWPageTitleView.swift in Sources */ = {isa = PBXBuildFile; fileRef = 015E02BA22A5168800FCB57D /* LWPageTitleView.swift */; };
		015E02BD22A516A300FCB57D /* LWPageContentView.swift in Sources */ = {isa = PBXBuildFile; fileRef = 015E02BC22A516A300FCB57D /* LWPageContentView.swift */; };
/* End PBXBuildFile section */

/* Begin PBXFileReference section */
		0102563922B880E100F759E7 /* CollectItemController.swift */ = {isa = PBXFileReference; lastKnownFileType = sourcecode.swift; path = CollectItemController.swift; sourceTree = "<group>"; };
		01433B4122A0CF8D00008395 /* HomeViewController.swift */ = {isa = PBXFileReference; lastKnownFileType = sourcecode.swift; path = HomeViewController.swift; sourceTree = "<group>"; };
		01433B4522A0FA7100008395 /* Bundle+Extension.swift */ = {isa = PBXFileReference; lastKnownFileType = sourcecode.swift; path = "Bundle+Extension.swift"; sourceTree = "<group>"; };
		01433B4722A10B0000008395 /* UIImage+Extension.swift */ = {isa = PBXFileReference; lastKnownFileType = sourcecode.swift; path = "UIImage+Extension.swift"; sourceTree = "<group>"; };
		01433B4922A1125F00008395 /* UIBarButtonItem+Extension.swift */ = {isa = PBXFileReference; lastKnownFileType = sourcecode.swift; path = "UIBarButtonItem+Extension.swift"; sourceTree = "<group>"; };
		01433B4B22A1181B00008395 /* UIColor+Extension.swift */ = {isa = PBXFileReference; lastKnownFileType = sourcecode.swift; path = "UIColor+Extension.swift"; sourceTree = "<group>"; };
		01433B4D22A120D500008395 /* Common.swift */ = {isa = PBXFileReference; lastKnownFileType = sourcecode.swift; path = Common.swift; sourceTree = "<group>"; };
		01433B4F22A1253100008395 /* UIView+Extension.swift */ = {isa = PBXFileReference; lastKnownFileType = sourcecode.swift; path = "UIView+Extension.swift"; sourceTree = "<group>"; };
		0149694F22A0BD8F00D77971 /* LWLivePlay.app */ = {isa = PBXFileReference; explicitFileType = wrapper.application; includeInIndex = 0; path = LWLivePlay.app; sourceTree = BUILT_PRODUCTS_DIR; };
		0149696522A0C49C00D77971 /* AppDelegate.swift */ = {isa = PBXFileReference; fileEncoding = 4; lastKnownFileType = sourcecode.swift; path = AppDelegate.swift; sourceTree = "<group>"; };
		0149696722A0C6E200D77971 /* LWTabBarController.swift */ = {isa = PBXFileReference; lastKnownFileType = sourcecode.swift; path = LWTabBarController.swift; sourceTree = "<group>"; };
		0149696922A0C71100D77971 /* LWNavigationController.swift */ = {isa = PBXFileReference; lastKnownFileType = sourcecode.swift; path = LWNavigationController.swift; sourceTree = "<group>"; };
		0149696C22A0C94300D77971 /* Assets.xcassets */ = {isa = PBXFileReference; lastKnownFileType = folder.assetcatalog; path = Assets.xcassets; sourceTree = "<group>"; };
		0149696E22A0C94300D77971 /* Base */ = {isa = PBXFileReference; lastKnownFileType = file.storyboard; name = Base; path = Base.lproj/LaunchScreen.storyboard; sourceTree = "<group>"; };
		0149696F22A0C94300D77971 /* Info.plist */ = {isa = PBXFileReference; fileEncoding = 4; lastKnownFileType = text.plist.xml; path = Info.plist; sourceTree = "<group>"; };
		015571A722C5AEC900EDBE6D /* LWPageCollectionViewLayout.swift */ = {isa = PBXFileReference; lastKnownFileType = sourcecode.swift; path = LWPageCollectionViewLayout.swift; sourceTree = "<group>"; };
		015571A922C5AF2100EDBE6D /* LWPageCollectionView.swift */ = {isa = PBXFileReference; lastKnownFileType = sourcecode.swift; path = LWPageCollectionView.swift; sourceTree = "<group>"; };
		015E02B622A5150600FCB57D /* LWPageView.swift */ = {isa = PBXFileReference; lastKnownFileType = sourcecode.swift; path = LWPageView.swift; sourceTree = "<group>"; };
		015E02B822A5167200FCB57D /* LWPageStyle.swift */ = {isa = PBXFileReference; lastKnownFileType = sourcecode.swift; path = LWPageStyle.swift; sourceTree = "<group>"; };
		015E02BA22A5168800FCB57D /* LWPageTitleView.swift */ = {isa = PBXFileReference; lastKnownFileType = sourcecode.swift; path = LWPageTitleView.swift; sourceTree = "<group>"; };
		015E02BC22A516A300FCB57D /* LWPageContentView.swift */ = {isa = PBXFileReference; lastKnownFileType = sourcecode.swift; path = LWPageContentView.swift; sourceTree = "<group>"; };
/* End PBXFileReference section */

/* Begin PBXFrameworksBuildPhase section */
		0149694C22A0BD8F00D77971 /* Frameworks */ = {
			isa = PBXFrameworksBuildPhase;
			buildActionMask = 2147483647;
			files = (
			);
			runOnlyForDeploymentPostprocessing = 0;
		};
/* End PBXFrameworksBuildPhase section */

/* Begin PBXGroup section */
		01433B4322A0FA2700008395 /* Tool */ = {
			isa = PBXGroup;
			children = (
				01433B4422A0FA2700008395 /* Extension */,
				01433B4D22A120D500008395 /* Common.swift */,
			);
			name = Tool;
			path = LWLivePlay/Tool;
			sourceTree = SOURCE_ROOT;
		};
		01433B4422A0FA2700008395 /* Extension */ = {
			isa = PBXGroup;
			children = (
				01433B4522A0FA7100008395 /* Bundle+Extension.swift */,
				01433B4722A10B0000008395 /* UIImage+Extension.swift */,
				01433B4922A1125F00008395 /* UIBarButtonItem+Extension.swift */,
				01433B4B22A1181B00008395 /* UIColor+Extension.swift */,
				01433B4F22A1253100008395 /* UIView+Extension.swift */,
			);
			path = Extension;
			sourceTree = "<group>";
		};
		0149694622A0BD8F00D77971 = {
			isa = PBXGroup;
			children = (
				0149695122A0BD8F00D77971 /* LWLivePlay */,
				0149695022A0BD8F00D77971 /* Products */,
			);
			sourceTree = "<group>";
		};
		0149695022A0BD8F00D77971 /* Products */ = {
			isa = PBXGroup;
			children = (
				0149694F22A0BD8F00D77971 /* LWLivePlay.app */,
			);
			name = Products;
			sourceTree = "<group>";
		};
		0149695122A0BD8F00D77971 /* LWLivePlay */ = {
			isa = PBXGroup;
			children = (
				0149696422A0C49C00D77971 /* Main */,
				0149697322A0C96900D77971 /* Home */,
				01433B4322A0FA2700008395 /* Tool */,
				0149696F22A0C94300D77971 /* Info.plist */,
				0149696C22A0C94300D77971 /* Assets.xcassets */,
				0149696D22A0C94300D77971 /* LaunchScreen.storyboard */,
			);
			path = LWLivePlay;
			sourceTree = "<group>";
		};
		0149696422A0C49C00D77971 /* Main */ = {
			isa = PBXGroup;
			children = (
				0149696522A0C49C00D77971 /* AppDelegate.swift */,
				0149696722A0C6E200D77971 /* LWTabBarController.swift */,
				0149696922A0C71100D77971 /* LWNavigationController.swift */,
			);
			path = Main;
			sourceTree = "<group>";
		};
		0149697322A0C96900D77971 /* Home */ = {
			isa = PBXGroup;
			children = (
				015E02B522A514DB00FCB57D /* LWPageView */,
				0149697422A0C96900D77971 /* Controller */,
				0149697522A0C96900D77971 /* Model */,
				0149697622A0C96900D77971 /* View */,
			);
			path = Home;
			sourceTree = "<group>";
		};
		0149697422A0C96900D77971 /* Controller */ = {
			isa = PBXGroup;
			children = (
				01433B4122A0CF8D00008395 /* HomeViewController.swift */,
				0102563922B880E100F759E7 /* CollectItemController.swift */,
			);
			path = Controller;
			sourceTree = "<group>";
		};
		0149697522A0C96900D77971 /* Model */ = {
			isa = PBXGroup;
			children = (
			);
			path = Model;
			sourceTree = "<group>";
		};
		0149697622A0C96900D77971 /* View */ = {
			isa = PBXGroup;
			children = (
			);
			path = View;
			sourceTree = "<group>";
		};
		015E02B522A514DB00FCB57D /* LWPageView */ = {
			isa = PBXGroup;
			children = (
				015E02B822A5167200FCB57D /* LWPageStyle.swift */,
				015E02B622A5150600FCB57D /* LWPageView.swift */,
				015E02BA22A5168800FCB57D /* LWPageTitleView.swift */,
				015E02BC22A516A300FCB57D /* LWPageContentView.swift */,
				015571A722C5AEC900EDBE6D /* LWPageCollectionViewLayout.swift */,
				015571A922C5AF2100EDBE6D /* LWPageCollectionView.swift */,
			);
			path = LWPageView;
			sourceTree = "<group>";
		};
/* End PBXGroup section */

/* Begin PBXNativeTarget section */
		0149694E22A0BD8F00D77971 /* LWLivePlay */ = {
			isa = PBXNativeTarget;
			buildConfigurationList = 0149696122A0BD9100D77971 /* Build configuration list for PBXNativeTarget "LWLivePlay" */;
			buildPhases = (
				0149694B22A0BD8F00D77971 /* Sources */,
				0149694C22A0BD8F00D77971 /* Frameworks */,
				0149694D22A0BD8F00D77971 /* Resources */,
			);
			buildRules = (
			);
			dependencies = (
			);
			name = LWLivePlay;
			productName = LWLivePlay;
			productReference = 0149694F22A0BD8F00D77971 /* LWLivePlay.app */;
			productType = "com.apple.product-type.application";
		};
/* End PBXNativeTarget section */

/* Begin PBXProject section */
		0149694722A0BD8F00D77971 /* Project object */ = {
			isa = PBXProject;
			attributes = {
				LastSwiftUpdateCheck = 1020;
				LastUpgradeCheck = 1020;
				ORGANIZATIONNAME = liuwei;
				TargetAttributes = {
					0149694E22A0BD8F00D77971 = {
						CreatedOnToolsVersion = 10.2.1;
					};
				};
			};
			buildConfigurationList = 0149694A22A0BD8F00D77971 /* Build configuration list for PBXProject "LWLivePlay" */;
			compatibilityVersion = "Xcode 9.3";
			developmentRegion = en;
			hasScannedForEncodings = 0;
			knownRegions = (
				en,
				Base,
			);
			mainGroup = 0149694622A0BD8F00D77971;
			productRefGroup = 0149695022A0BD8F00D77971 /* Products */;
			projectDirPath = "";
			projectRoot = "";
			targets = (
				0149694E22A0BD8F00D77971 /* LWLivePlay */,
			);
		};
/* End PBXProject section */

/* Begin PBXResourcesBuildPhase section */
		0149694D22A0BD8F00D77971 /* Resources */ = {
			isa = PBXResourcesBuildPhase;
			buildActionMask = 2147483647;
			files = (
				0149697122A0C94300D77971 /* LaunchScreen.storyboard in Resources */,
				0149697022A0C94300D77971 /* Assets.xcassets in Resources */,
			);
			runOnlyForDeploymentPostprocessing = 0;
		};
/* End PBXResourcesBuildPhase section */

/* Begin PBXSourcesBuildPhase section */
		0149694B22A0BD8F00D77971 /* Sources */ = {
			isa = PBXSourcesBuildPhase;
			buildActionMask = 2147483647;
			files = (
				0149696A22A0C71100D77971 /* LWNavigationController.swift in Sources */,
				01433B4622A0FA7100008395 /* Bundle+Extension.swift in Sources */,
				0149696822A0C6E200D77971 /* LWTabBarController.swift in Sources */,
				01433B4A22A1125F00008395 /* UIBarButtonItem+Extension.swift in Sources */,
				01433B4E22A120D600008395 /* Common.swift in Sources */,
				015571A822C5AEC900EDBE6D /* LWPageCollectionViewLayout.swift in Sources */,
				015E02B922A5167200FCB57D /* LWPageStyle.swift in Sources */,
				015E02B722A5150600FCB57D /* LWPageView.swift in Sources */,
				01433B4822A10B0000008395 /* UIImage+Extension.swift in Sources */,
				0149696622A0C49C00D77971 /* AppDelegate.swift in Sources */,
				015571AA22C5AF2100EDBE6D /* LWPageCollectionView.swift in Sources */,
				0102563A22B880E100F759E7 /* CollectItemController.swift in Sources */,
				015E02BB22A5168800FCB57D /* LWPageTitleView.swift in Sources */,
				01433B4222A0CF8D00008395 /* HomeViewController.swift in Sources */,
				01433B5022A1253100008395 /* UIView+Extension.swift in Sources */,
				015E02BD22A516A300FCB57D /* LWPageContentView.swift in Sources */,
				01433B4C22A1181B00008395 /* UIColor+Extension.swift in Sources */,
			);
			runOnlyForDeploymentPostprocessing = 0;
		};
/* End PBXSourcesBuildPhase section */

/* Begin PBXVariantGroup section */
		0149696D22A0C94300D77971 /* LaunchScreen.storyboard */ = {
			isa = PBXVariantGroup;
			children = (
				0149696E22A0C94300D77971 /* Base */,
			);
			name = LaunchScreen.storyboard;
			sourceTree = "<group>";
		};
/* End PBXVariantGroup section */

/* Begin XCBuildConfiguration section */
		0149695F22A0BD9100D77971 /* Debug */ = {
			isa = XCBuildConfiguration;
			buildSettings = {
				ALWAYS_SEARCH_USER_PATHS = NO;
				CLANG_ANALYZER_NONNULL = YES;
				CLANG_ANALYZER_NUMBER_OBJECT_CONVERSION = YES_AGGRESSIVE;
				CLANG_CXX_LANGUAGE_STANDARD = "gnu++14";
				CLANG_CXX_LIBRARY = "libc++";
				CLANG_ENABLE_MODULES = YES;
				CLANG_ENABLE_OBJC_ARC = YES;
				CLANG_ENABLE_OBJC_WEAK = YES;
				CLANG_WARN_BLOCK_CAPTURE_AUTORELEASING = YES;
				CLANG_WARN_BOOL_CONVERSION = YES;
				CLANG_WARN_COMMA = YES;
				CLANG_WARN_CONSTANT_CONVERSION = YES;
				CLANG_WARN_DEPRECATED_OBJC_IMPLEMENTATIONS = YES;
				CLANG_WARN_DIRECT_OBJC_ISA_USAGE = YES_ERROR;
				CLANG_WARN_DOCUMENTATION_COMMENTS = YES;
				CLANG_WARN_EMPTY_BODY = YES;
				CLANG_WARN_ENUM_CONVERSION = YES;
				CLANG_WARN_INFINITE_RECURSION = YES;
				CLANG_WARN_INT_CONVERSION = YES;
				CLANG_WARN_NON_LITERAL_NULL_CONVERSION = YES;
				CLANG_WARN_OBJC_IMPLICIT_RETAIN_SELF = YES;
				CLANG_WARN_OBJC_LITERAL_CONVERSION = YES;
				CLANG_WARN_OBJC_ROOT_CLASS = YES_ERROR;
				CLANG_WARN_RANGE_LOOP_ANALYSIS = YES;
				CLANG_WARN_STRICT_PROTOTYPES = YES;
				CLANG_WARN_SUSPICIOUS_MOVE = YES;
				CLANG_WARN_UNGUARDED_AVAILABILITY = YES_AGGRESSIVE;
				CLANG_WARN_UNREACHABLE_CODE = YES;
				CLANG_WARN__DUPLICATE_METHOD_MATCH = YES;
				CODE_SIGN_IDENTITY = "iPhone Developer";
				COPY_PHASE_STRIP = NO;
				DEBUG_INFORMATION_FORMAT = dwarf;
				ENABLE_STRICT_OBJC_MSGSEND = YES;
				ENABLE_TESTABILITY = YES;
				GCC_C_LANGUAGE_STANDARD = gnu11;
				GCC_DYNAMIC_NO_PIC = NO;
				GCC_NO_COMMON_BLOCKS = YES;
				GCC_OPTIMIZATION_LEVEL = 0;
				GCC_PREPROCESSOR_DEFINITIONS = (
					"DEBUG=1",
					"$(inherited)",
				);
				GCC_WARN_64_TO_32_BIT_CONVERSION = YES;
				GCC_WARN_ABOUT_RETURN_TYPE = YES_ERROR;
				GCC_WARN_UNDECLARED_SELECTOR = YES;
				GCC_WARN_UNINITIALIZED_AUTOS = YES_AGGRESSIVE;
				GCC_WARN_UNUSED_FUNCTION = YES;
				GCC_WARN_UNUSED_VARIABLE = YES;
				IPHONEOS_DEPLOYMENT_TARGET = 12.2;
				MTL_ENABLE_DEBUG_INFO = INCLUDE_SOURCE;
				MTL_FAST_MATH = YES;
				ONLY_ACTIVE_ARCH = YES;
				SDKROOT = iphoneos;
				SWIFT_ACTIVE_COMPILATION_CONDITIONS = DEBUG;
				SWIFT_OPTIMIZATION_LEVEL = "-Onone";
			};
			name = Debug;
		};
		0149696022A0BD9100D77971 /* Release */ = {
			isa = XCBuildConfiguration;
			buildSettings = {
				ALWAYS_SEARCH_USER_PATHS = NO;
				CLANG_ANALYZER_NONNULL = YES;
				CLANG_ANALYZER_NUMBER_OBJECT_CONVERSION = YES_AGGRESSIVE;
				CLANG_CXX_LANGUAGE_STANDARD = "gnu++14";
				CLANG_CXX_LIBRARY = "libc++";
				CLANG_ENABLE_MODULES = YES;
				CLANG_ENABLE_OBJC_ARC = YES;
				CLANG_ENABLE_OBJC_WEAK = YES;
				CLANG_WARN_BLOCK_CAPTURE_AUTORELEASING = YES;
				CLANG_WARN_BOOL_CONVERSION = YES;
				CLANG_WARN_COMMA = YES;
				CLANG_WARN_CONSTANT_CONVERSION = YES;
				CLANG_WARN_DEPRECATED_OBJC_IMPLEMENTATIONS = YES;
				CLANG_WARN_DIRECT_OBJC_ISA_USAGE = YES_ERROR;
				CLANG_WARN_DOCUMENTATION_COMMENTS = YES;
				CLANG_WARN_EMPTY_BODY = YES;
				CLANG_WARN_ENUM_CONVERSION = YES;
				CLANG_WARN_INFINITE_RECURSION = YES;
				CLANG_WARN_INT_CONVERSION = YES;
				CLANG_WARN_NON_LITERAL_NULL_CONVERSION = YES;
				CLANG_WARN_OBJC_IMPLICIT_RETAIN_SELF = YES;
				CLANG_WARN_OBJC_LITERAL_CONVERSION = YES;
				CLANG_WARN_OBJC_ROOT_CLASS = YES_ERROR;
				CLANG_WARN_RANGE_LOOP_ANALYSIS = YES;
				CLANG_WARN_STRICT_PROTOTYPES = YES;
				CLANG_WARN_SUSPICIOUS_MOVE = YES;
				CLANG_WARN_UNGUARDED_AVAILABILITY = YES_AGGRESSIVE;
				CLANG_WARN_UNREACHABLE_CODE = YES;
				CLANG_WARN__DUPLICATE_METHOD_MATCH = YES;
				CODE_SIGN_IDENTITY = "iPhone Developer";
				COPY_PHASE_STRIP = NO;
				DEBUG_INFORMATION_FORMAT = "dwarf-with-dsym";
				ENABLE_NS_ASSERTIONS = NO;
				ENABLE_STRICT_OBJC_MSGSEND = YES;
				GCC_C_LANGUAGE_STANDARD = gnu11;
				GCC_NO_COMMON_BLOCKS = YES;
				GCC_WARN_64_TO_32_BIT_CONVERSION = YES;
				GCC_WARN_ABOUT_RETURN_TYPE = YES_ERROR;
				GCC_WARN_UNDECLARED_SELECTOR = YES;
				GCC_WARN_UNINITIALIZED_AUTOS = YES_AGGRESSIVE;
				GCC_WARN_UNUSED_FUNCTION = YES;
				GCC_WARN_UNUSED_VARIABLE = YES;
				IPHONEOS_DEPLOYMENT_TARGET = 12.2;
				MTL_ENABLE_DEBUG_INFO = NO;
				MTL_FAST_MATH = YES;
				SDKROOT = iphoneos;
				SWIFT_COMPILATION_MODE = wholemodule;
				SWIFT_OPTIMIZATION_LEVEL = "-O";
				VALIDATE_PRODUCT = YES;
			};
			name = Release;
		};
		0149696222A0BD9100D77971 /* Debug */ = {
			isa = XCBuildConfiguration;
			buildSettings = {
				ASSETCATALOG_COMPILER_APPICON_NAME = AppIcon;
				CODE_SIGN_STYLE = Automatic;
				DEVELOPMENT_TEAM = TT898TTE6L;
				INFOPLIST_FILE = "$(SRCROOT)/LWLivePlay/Info.plist";
				IPHONEOS_DEPLOYMENT_TARGET = 9.0;
				LD_RUNPATH_SEARCH_PATHS = (
					"$(inherited)",
					"@executable_path/Frameworks",
				);
				PRODUCT_BUNDLE_IDENTIFIER = com.liuwei.LWLivePlay;
				PRODUCT_NAME = "$(TARGET_NAME)";
				SWIFT_VERSION = 5.0;
				TARGETED_DEVICE_FAMILY = "1,2";
			};
			name = Debug;
		};
		0149696322A0BD9100D77971 /* Release */ = {
			isa = XCBuildConfiguration;
			buildSettings = {
				ASSETCATALOG_COMPILER_APPICON_NAME = AppIcon;
				CODE_SIGN_STYLE = Automatic;
				DEVELOPMENT_TEAM = TT898TTE6L;
				INFOPLIST_FILE = "$(SRCROOT)/LWLivePlay/Info.plist";
				IPHONEOS_DEPLOYMENT_TARGET = 9.0;
				LD_RUNPATH_SEARCH_PATHS = (
					"$(inherited)",
					"@executable_path/Frameworks",
				);
				PRODUCT_BUNDLE_IDENTIFIER = com.liuwei.LWLivePlay;
				PRODUCT_NAME = "$(TARGET_NAME)";
				SWIFT_VERSION = 5.0;
				TARGETED_DEVICE_FAMILY = "1,2";
			};
			name = Release;
		};
/* End XCBuildConfiguration section */

/* Begin XCConfigurationList section */
		0149694A22A0BD8F00D77971 /* Build configuration list for PBXProject "LWLivePlay" */ = {
			isa = XCConfigurationList;
			buildConfigurations = (
				0149695F22A0BD9100D77971 /* Debug */,
				0149696022A0BD9100D77971 /* Release */,
			);
			defaultConfigurationIsVisible = 0;
			defaultConfigurationName = Release;
		};
		0149696122A0BD9100D77971 /* Build configuration list for PBXNativeTarget "LWLivePlay" */ = {
			isa = XCConfigurationList;
			buildConfigurations = (
				0149696222A0BD9100D77971 /* Debug */,
				0149696322A0BD9100D77971 /* Release */,
			);
			defaultConfigurationIsVisible = 0;
			defaultConfigurationName = Release;
		};
/* End XCConfigurationList section */
	};
	rootObject = 0149694722A0BD8F00D77971 /* Project object */;
}
